
Microsoft Visual Studio Solution File, Format Version 12.00
# Visual Studio Version 17
VisualStudioVersion = 17.6.33723.286
MinimumVisualStudioVersion = 10.0.40219.1
Project("{F184B08F-C81C-45F6-A57F-5ABD9991F28F}") = "OvernDelights_ERP", "OvernDelights_ERP\OvernDelights_ERP.vbproj", "{DC3B885C-F6C5-4C1B-8595-C9E7CA8311B9}"
EndProject
Global
	GlobalSection(SolutionConfigurationPlatforms) = preSolution
		Debug|Any CPU = Debug|Any CPU
		Release|Any CPU = Release|Any CPU
	EndGlobalSection
	GlobalSection(ProjectConfigurationPlatforms) = postSolution
		{DC3B885C-F6C5-4C1B-8595-C9E7CA8311B9}.Debug|Any CPU.ActiveCfg = Debug|Any CPU
		{DC3B885C-F6C5-4C1B-8595-C9E7CA8311B9}.Debug|Any CPU.Build.0 = Debug|Any CPU
		{DC3B885C-F6C5-4C1B-8595-C9E7CA8311B9}.Release|Any CPU.ActiveCfg = Release|Any CPU
		{DC3B885C-F6C5-4C1B-8595-C9E7CA8311B9}.Release|Any CPU.Build.0 = Release|Any CPU
	EndGlobalSection
	GlobalSection(SolutionProperties) = preSolution
		HideSolutionNode = FALSE
	EndGlobalSection
	GlobalSection(ExtensibilityGlobals) = postSolution
		SolutionGuid = {CFC6B948-F251-495C-8D26-320016435135}
	EndGlobalSection
EndGlobal
