
Microsoft Visual Studio Solution File, Format Version 12.00
# Visual Studio Version 17
VisualStudioVersion = 17.6.33723.286
MinimumVisualStudioVersion = 10.0.40219.1
Project("{F184B08F-C81C-45F6-A57F-5ABD9991F28F}") = "Oven Delights", "Oven Delights\Oven Delights.vbproj", "{90BB3478-22D3-4724-A834-F0BC11DC42AF}"
EndProject
Global
	GlobalSection(SolutionConfigurationPlatforms) = preSolution
		Debug|Any CPU = Debug|Any CPU
		Release|Any CPU = Release|Any CPU
	EndGlobalSection
	GlobalSection(ProjectConfigurationPlatforms) = postSolution
		{90BB3478-22D3-4724-A834-F0BC11DC42AF}.Debug|Any CPU.ActiveCfg = Debug|Any CPU
		{90BB3478-22D3-4724-A834-F0BC11DC42AF}.Debug|Any CPU.Build.0 = Debug|Any CPU
		{90BB3478-22D3-4724-A834-F0BC11DC42AF}.Release|Any CPU.ActiveCfg = Release|Any CPU
		{90BB3478-22D3-4724-A834-F0BC11DC42AF}.Release|Any CPU.Build.0 = Release|Any CPU
	EndGlobalSection
	GlobalSection(SolutionProperties) = preSolution
		HideSolutionNode = FALSE
	EndGlobalSection
	GlobalSection(ExtensibilityGlobals) = postSolution
		SolutionGuid = {18ADBF86-9627-48D9-ADFA-D6A13884D23F}
	EndGlobalSection
EndGlobal
